
Microsoft Visual Studio Solution File, Format Version 12.00
# Visual Studio Version 17
VisualStudioVersion = 17.3.32929.385
MinimumVisualStudioVersion = 10.0.40219.1
Project("{FAE04EC0-301F-11D3-BF4B-00C04F79EFBC}") = "RS232-PC", "RS232-PC\RS232-PC.csproj", "{01D5F45B-FF15-4528-BED4-789020C8E1BE}"
EndProject
Global
	GlobalSection(SolutionConfigurationPlatforms) = preSolution
		Debug|x64 = Debug|x64
		Release|x64 = Release|x64
	EndGlobalSection
	GlobalSection(ProjectConfigurationPlatforms) = postSolution
		{01D5F45B-FF15-4528-BED4-789020C8E1BE}.Debug|x64.ActiveCfg = Debug|x64
		{01D5F45B-FF15-4528-BED4-789020C8E1BE}.Debug|x64.Build.0 = Debug|x64
		{01D5F45B-FF15-4528-BED4-789020C8E1BE}.Release|x64.ActiveCfg = Release|x64
		{01D5F45B-FF15-4528-BED4-789020C8E1BE}.Release|x64.Build.0 = Release|x64
	EndGlobalSection
	GlobalSection(SolutionProperties) = preSolution
		HideSolutionNode = FALSE
	EndGlobalSection
	GlobalSection(ExtensibilityGlobals) = postSolution
		SolutionGuid = {F6990B57-4B14-41EC-975A-51A38D427A38}
	EndGlobalSection
EndGlobal
